{
  "version": 4,
  "terraform_version": "1.10.4",
  "serial": 260,
  "lineage": "531d5452-4241-167b-3eae-8919d02515f3",
  "outputs": {
    "instances_name_ip": {
      "value": [
        "private-instance-0 - [\"10.1.1.6\"]",
        "private-instance-1 - [\"10.1.1.12\"]",
        "private-instance-2 - [\"10.1.1.25\"]"
      ],
      "type": [
        "tuple",
        [
          "string",
          "string",
          "string"
        ]
      ]
    },
    "jumphost_public_ip": {
      "value": [
        "158.160.87.118"
      ],
      "type": [
        "list",
        "string"
      ]
    }
  },
  "resources": [
    {
      "mode": "managed",
      "type": "yandex_mdb_postgresql_cluster",
      "name": "pg_cluster",
      "provider": "provider[\"registry.terraform.io/yandex-cloud/yandex\"]",
      "instances": [
        {
          "schema_version": 0,
          "attributes": {
            "config": [
              {
                "access": [
                  {
                    "data_lens": false,
                    "data_transfer": false,
                    "serverless": false,
                    "web_sql": false
                  }
                ],
                "autofailover": true,
                "backup_retain_period_days": 7,
                "backup_window_start": [
                  {
                    "hours": 0,
                    "minutes": 0
                  }
                ],
                "disk_size_autoscaling": [
                  {
                    "disk_size_limit": 0,
                    "emergency_usage_threshold": 0,
                    "planned_usage_threshold": 0
                  }
                ],
                "performance_diagnostics": [
                  {
                    "enabled": false,
                    "sessions_sampling_interval": 60,
                    "statements_sampling_interval": 600
                  }
                ],
                "pooler_config": [],
                "postgresql_config": {
                  "autovacuum_vacuum_scale_factor": "0.34",
                  "default_transaction_isolation": "TRANSACTION_ISOLATION_READ_COMMITTED",
                  "enable_parallel_hash": "true",
                  "max_connections": "200",
                  "password_encryption": "1",
                  "shared_preload_libraries": "SHARED_PRELOAD_LIBRARIES_AUTO_EXPLAIN,SHARED_PRELOAD_LIBRARIES_PG_HINT_PLAN"
                },
                "resources": [
                  {
                    "disk_size": 10,
                    "disk_type_id": "network-hdd",
                    "resource_preset_id": "b1.medium"
                  }
                ],
                "version": "15"
              }
            ],
            "created_at": "2025-01-24T06:28:52Z",
            "database": [],
            "deletion_protection": false,
            "description": "",
            "environment": "PRESTABLE",
            "folder_id": "b1gtitn88s7l0epk3bb3",
            "health": "ALIVE",
            "host": [
              {
                "assign_public_ip": true,
                "fqdn": "rc1b-qiq3oqhh9n9esubk.mdb.yandexcloud.net",
                "name": "pg-host",
                "priority": 0,
                "replication_source": "",
                "replication_source_name": "",
                "role": "MASTER",
                "subnet_id": "e2l493afm1odgljce537",
                "zone": "ru-central1-b"
              }
            ],
            "host_group_ids": [],
            "host_master_name": "pg-host",
            "id": "c9q0cun6snb0fpvk2nqh",
            "labels": {},
            "maintenance_window": [
              {
                "day": "SAT",
                "hour": 12,
                "type": "WEEKLY"
              }
            ],
            "name": "test",
            "network_id": "enpt5m0hr1kccnagucf1",
            "restore": [],
            "security_group_ids": [],
            "status": "RUNNING",
            "timeouts": null,
            "user": []
          },
          "sensitive_attributes": [],
          "private": "eyJlMmJmYjczMC1lY2FhLTExZTYtOGY4OC0zNDM2M2JjN2M0YzAiOnsiY3JlYXRlIjoxODAwMDAwMDAwMDAwLCJkZWxldGUiOjkwMDAwMDAwMDAwMCwidXBkYXRlIjozNjAwMDAwMDAwMDAwfX0=",
          "dependencies": [
            "module.public-subnet.yandex_vpc_subnet.public-subnet",
            "yandex_vpc_network.vpc"
          ]
        }
      ]
    },
    {
      "mode": "managed",
      "type": "yandex_mdb_postgresql_database",
      "name": "pg_db1",
      "provider": "provider[\"registry.terraform.io/yandex-cloud/yandex\"]",
      "instances": [
        {
          "schema_version": 0,
          "attributes": {
            "cluster_id": "c9q0cun6snb0fpvk2nqh",
            "deletion_protection": "unspecified",
            "extension": [],
            "id": "c9q0cun6snb0fpvk2nqh:db1",
            "lc_collate": "en_US.UTF-8",
            "lc_type": "en_US.UTF-8",
            "name": "db1",
            "owner": "user1",
            "template_db": "",
            "timeouts": null
          },
          "sensitive_attributes": [],
          "private": "eyJlMmJmYjczMC1lY2FhLTExZTYtOGY4OC0zNDM2M2JjN2M0YzAiOnsiY3JlYXRlIjo2MDAwMDAwMDAwMDAsImRlbGV0ZSI6NjAwMDAwMDAwMDAwLCJyZWFkIjo2MDAwMDAwMDAwMCwidXBkYXRlIjo2MDAwMDAwMDAwMDB9fQ==",
          "dependencies": [
            "module.public-subnet.yandex_vpc_subnet.public-subnet",
            "yandex_mdb_postgresql_cluster.pg_cluster",
            "yandex_mdb_postgresql_user.user1",
            "yandex_vpc_network.vpc"
          ]
        }
      ]
    },
    {
      "mode": "managed",
      "type": "yandex_mdb_postgresql_user",
      "name": "user1",
      "provider": "provider[\"registry.terraform.io/yandex-cloud/yandex\"]",
      "instances": [
        {
          "schema_version": 0,
          "attributes": {
            "cluster_id": "c9q0cun6snb0fpvk2nqh",
            "conn_limit": 50,
            "deletion_protection": "unspecified",
            "grants": [],
            "id": "c9q0cun6snb0fpvk2nqh:user1",
            "login": true,
            "name": "user1",
            "password": "password",
            "permission": [],
            "settings": {},
            "timeouts": null
          },
          "sensitive_attributes": [
            [
              {
                "type": "get_attr",
                "value": "password"
              }
            ]
          ],
          "private": "eyJlMmJmYjczMC1lY2FhLTExZTYtOGY4OC0zNDM2M2JjN2M0YzAiOnsiY3JlYXRlIjo2MDAwMDAwMDAwMDAsImRlbGV0ZSI6NjAwMDAwMDAwMDAwLCJyZWFkIjo2MDAwMDAwMDAwMCwidXBkYXRlIjo2MDAwMDAwMDAwMDB9fQ==",
          "dependencies": [
            "module.public-subnet.yandex_vpc_subnet.public-subnet",
            "yandex_mdb_postgresql_cluster.pg_cluster",
            "yandex_vpc_network.vpc"
          ]
        }
      ]
    },
    {
      "mode": "managed",
      "type": "yandex_vpc_network",
      "name": "vpc",
      "provider": "provider[\"registry.terraform.io/yandex-cloud/yandex\"]",
      "instances": [
        {
          "schema_version": 0,
          "attributes": {
            "created_at": "2025-01-24T06:28:49Z",
            "default_security_group_id": "enpidco1r4lqbcljdltp",
            "description": "",
            "folder_id": "b1gtitn88s7l0epk3bb3",
            "id": "enpt5m0hr1kccnagucf1",
            "labels": {},
            "name": "task-11",
            "subnet_ids": [
              "e2l493afm1odgljce537",
              "e2lr0q8iuetf3rll28ak"
            ],
            "timeouts": null
          },
          "sensitive_attributes": [],
          "private": "eyJlMmJmYjczMC1lY2FhLTExZTYtOGY4OC0zNDM2M2JjN2M0YzAiOnsiY3JlYXRlIjo2MDAwMDAwMDAwMCwiZGVsZXRlIjo2MDAwMDAwMDAwMCwidXBkYXRlIjo2MDAwMDAwMDAwMH19"
        }
      ]
    },
    {
      "module": "module.private-subnet",
      "mode": "managed",
      "type": "yandex_compute_disk",
      "name": "instance_boot_disks",
      "provider": "provider[\"registry.terraform.io/yandex-cloud/yandex\"]",
      "instances": [
        {
          "index_key": 0,
          "schema_version": 0,
          "attributes": {
            "allow_recreate": null,
            "block_size": 4096,
            "created_at": "2025-01-24T06:28:59Z",
            "description": "",
            "disk_placement_policy": [
              {
                "disk_placement_group_id": ""
              }
            ],
            "folder_id": "b1gtitn88s7l0epk3bb3",
            "hardware_generation": [
              {
                "generation2_features": [],
                "legacy_features": [
                  {
                    "pci_topology": "PCI_TOPOLOGY_V1"
                  }
                ]
              }
            ],
            "id": "epdt1l72lq1e2stfvm1s",
            "image_id": "fd884kfv4a91lcr2vtef",
            "kms_key_id": null,
            "labels": {},
            "name": "boot-disk-private-instance-0",
            "product_ids": [
              "f2e6a25ebqf5ogdfaq5c"
            ],
            "size": 10,
            "snapshot_id": "",
            "status": "ready",
            "timeouts": null,
            "type": "network-hdd",
            "zone": "ru-central1-b"
          },
          "sensitive_attributes": [],
          "private": "eyJlMmJmYjczMC1lY2FhLTExZTYtOGY4OC0zNDM2M2JjN2M0YzAiOnsiY3JlYXRlIjozMDAwMDAwMDAwMDAsImRlbGV0ZSI6MzAwMDAwMDAwMDAwLCJ1cGRhdGUiOjMwMDAwMDAwMDAwMH19",
          "dependencies": [
            "module.private-subnet.yandex_compute_image.instance_image"
          ]
        },
        {
          "index_key": 1,
          "schema_version": 0,
          "attributes": {
            "allow_recreate": null,
            "block_size": 4096,
            "created_at": "2025-01-24T06:29:00Z",
            "description": "",
            "disk_placement_policy": [
              {
                "disk_placement_group_id": ""
              }
            ],
            "folder_id": "b1gtitn88s7l0epk3bb3",
            "hardware_generation": [
              {
                "generation2_features": [],
                "legacy_features": [
                  {
                    "pci_topology": "PCI_TOPOLOGY_V1"
                  }
                ]
              }
            ],
            "id": "epd31fov6t13fploc2vh",
            "image_id": "fd884kfv4a91lcr2vtef",
            "kms_key_id": null,
            "labels": {},
            "name": "boot-disk-private-instance-1",
            "product_ids": [
              "f2e6a25ebqf5ogdfaq5c"
            ],
            "size": 10,
            "snapshot_id": "",
            "status": "ready",
            "timeouts": null,
            "type": "network-hdd",
            "zone": "ru-central1-b"
          },
          "sensitive_attributes": [],
          "private": "eyJlMmJmYjczMC1lY2FhLTExZTYtOGY4OC0zNDM2M2JjN2M0YzAiOnsiY3JlYXRlIjozMDAwMDAwMDAwMDAsImRlbGV0ZSI6MzAwMDAwMDAwMDAwLCJ1cGRhdGUiOjMwMDAwMDAwMDAwMH19",
          "dependencies": [
            "module.private-subnet.yandex_compute_image.instance_image"
          ]
        },
        {
          "index_key": 2,
          "schema_version": 0,
          "attributes": {
            "allow_recreate": null,
            "block_size": 4096,
            "created_at": "2025-01-24T06:28:59Z",
            "description": "",
            "disk_placement_policy": [
              {
                "disk_placement_group_id": ""
              }
            ],
            "folder_id": "b1gtitn88s7l0epk3bb3",
            "hardware_generation": [
              {
                "generation2_features": [],
                "legacy_features": [
                  {
                    "pci_topology": "PCI_TOPOLOGY_V1"
                  }
                ]
              }
            ],
            "id": "epd7sgiha9q5qmtq28ui",
            "image_id": "fd884kfv4a91lcr2vtef",
            "kms_key_id": null,
            "labels": {},
            "name": "boot-disk-private-instance-2",
            "product_ids": [
              "f2e6a25ebqf5ogdfaq5c"
            ],
            "size": 10,
            "snapshot_id": "",
            "status": "ready",
            "timeouts": null,
            "type": "network-hdd",
            "zone": "ru-central1-b"
          },
          "sensitive_attributes": [],
          "private": "eyJlMmJmYjczMC1lY2FhLTExZTYtOGY4OC0zNDM2M2JjN2M0YzAiOnsiY3JlYXRlIjozMDAwMDAwMDAwMDAsImRlbGV0ZSI6MzAwMDAwMDAwMDAwLCJ1cGRhdGUiOjMwMDAwMDAwMDAwMH19",
          "dependencies": [
            "module.private-subnet.yandex_compute_image.instance_image"
          ]
        }
      ]
    },
    {
      "module": "module.private-subnet",
      "mode": "managed",
      "type": "yandex_compute_image",
      "name": "instance_image",
      "provider": "provider[\"registry.terraform.io/yandex-cloud/yandex\"]",
      "instances": [
        {
          "schema_version": 0,
          "attributes": {
            "created_at": "2025-01-24T06:28:49Z",
            "description": "",
            "family": "",
            "folder_id": "b1gtitn88s7l0epk3bb3",
            "hardware_generation": [
              {
                "generation2_features": [],
                "legacy_features": [
                  {
                    "pci_topology": "PCI_TOPOLOGY_V1"
                  }
                ]
              }
            ],
            "id": "fd884kfv4a91lcr2vtef",
            "labels": {},
            "min_disk_size": 10,
            "name": "",
            "os_type": null,
            "pooled": false,
            "product_ids": [
              "f2e6a25ebqf5ogdfaq5c"
            ],
            "size": 5,
            "source_disk": null,
            "source_family": "ubuntu-2404-lts-oslogin",
            "source_image": null,
            "source_snapshot": null,
            "source_url": null,
            "status": "ready",
            "timeouts": null
          },
          "sensitive_attributes": [],
          "private": "eyJlMmJmYjczMC1lY2FhLTExZTYtOGY4OC0zNDM2M2JjN2M0YzAiOnsiY3JlYXRlIjozMDAwMDAwMDAwMDAsImRlbGV0ZSI6MzAwMDAwMDAwMDAwLCJ1cGRhdGUiOjMwMDAwMDAwMDAwMH19"
        }
      ]
    },
    {
      "module": "module.private-subnet",
      "mode": "managed",
      "type": "yandex_compute_instance",
      "name": "private_instances",
      "provider": "provider[\"registry.terraform.io/yandex-cloud/yandex\"]",
      "instances": [
        {
          "index_key": 0,
          "schema_version": 1,
          "attributes": {
            "allow_recreate": null,
            "allow_stopping_for_update": null,
            "boot_disk": [
              {
                "auto_delete": true,
                "device_name": "epdt1l72lq1e2stfvm1s",
                "disk_id": "epdt1l72lq1e2stfvm1s",
                "initialize_params": [
                  {
                    "block_size": 4096,
                    "description": "",
                    "image_id": "fd884kfv4a91lcr2vtef",
                    "kms_key_id": "",
                    "name": "boot-disk-private-instance-0",
                    "size": 10,
                    "snapshot_id": "",
                    "type": "network-hdd"
                  }
                ],
                "mode": "READ_WRITE"
              }
            ],
            "created_at": "2025-01-24T06:30:46Z",
            "description": "",
            "filesystem": [],
            "folder_id": "b1gtitn88s7l0epk3bb3",
            "fqdn": "epdjfk6onv2ga928e0r0.auto.internal",
            "gpu_cluster_id": "",
            "hardware_generation": [
              {
                "generation2_features": [],
                "legacy_features": [
                  {
                    "pci_topology": "PCI_TOPOLOGY_V1"
                  }
                ]
              }
            ],
            "hostname": "",
            "id": "epdjfk6onv2ga928e0r0",
            "labels": {},
            "local_disk": [],
            "maintenance_grace_period": "",
            "maintenance_policy": null,
            "metadata": {
              "user-data": "#cloud-config\nusers:\n  - name: patronogen\n    groups: sudo\n    shell: /bin/bash\n    sudo: 'ALL=(ALL) NOPASSWD:ALL'\n    ssh-authorized-keys:\n      - ssh-ed25519 AAAAC3NzaC1lZDI1NTE5AAAAIL8tnMZoRrDxJdPlxB2rLIG0WBMCAORXuORYattkPEnt patronogen@cattle5devoid\n\n"
            },
            "metadata_options": [
              {
                "aws_v1_http_endpoint": 1,
                "aws_v1_http_token": 2,
                "gce_http_endpoint": 1,
                "gce_http_token": 1
              }
            ],
            "name": "private-instance-0",
            "network_acceleration_type": "standard",
            "network_interface": [
              {
                "dns_record": [],
                "index": 0,
                "ip_address": "10.1.1.6",
                "ipv4": true,
                "ipv6": false,
                "ipv6_address": "",
                "ipv6_dns_record": [],
                "mac_address": "d0:0d:13:7d:0d:8b",
                "nat": false,
                "nat_dns_record": [],
                "nat_ip_address": "",
                "nat_ip_version": "",
                "security_group_ids": [],
                "subnet_id": "e2lr0q8iuetf3rll28ak"
              }
            ],
            "placement_policy": [
              {
                "host_affinity_rules": [],
                "placement_group_id": "",
                "placement_group_partition": 0
              }
            ],
            "platform_id": "standard-v1",
            "resources": [
              {
                "core_fraction": 5,
                "cores": 2,
                "gpus": 0,
                "memory": 1
              }
            ],
            "scheduling_policy": [
              {
                "preemptible": false
              }
            ],
            "secondary_disk": [],
            "service_account_id": "",
            "status": "running",
            "timeouts": null,
            "zone": "ru-central1-b"
          },
          "sensitive_attributes": [],
          "private": "eyJlMmJmYjczMC1lY2FhLTExZTYtOGY4OC0zNDM2M2JjN2M0YzAiOnsiY3JlYXRlIjozMDAwMDAwMDAwMDAsImRlbGV0ZSI6MzAwMDAwMDAwMDAwLCJ1cGRhdGUiOjMwMDAwMDAwMDAwMH0sInNjaGVtYV92ZXJzaW9uIjoiMSJ9",
          "dependencies": [
            "module.private-subnet.yandex_compute_disk.instance_boot_disks",
            "module.private-subnet.yandex_compute_image.instance_image",
            "module.private-subnet.yandex_vpc_route_table.nat-instance-route",
            "module.private-subnet.yandex_vpc_subnet.private-subnet",
            "module.public-subnet.yandex_compute_disk.boot-disk-nat",
            "module.public-subnet.yandex_compute_image.nat-instance-ubuntu",
            "module.public-subnet.yandex_compute_instance.nat-instance",
            "module.public-subnet.yandex_vpc_security_group.nat-instance-sg",
            "module.public-subnet.yandex_vpc_subnet.public-subnet",
            "yandex_vpc_network.vpc"
          ]
        },
        {
          "index_key": 1,
          "schema_version": 1,
          "attributes": {
            "allow_recreate": null,
            "allow_stopping_for_update": null,
            "boot_disk": [
              {
                "auto_delete": true,
                "device_name": "epd31fov6t13fploc2vh",
                "disk_id": "epd31fov6t13fploc2vh",
                "initialize_params": [
                  {
                    "block_size": 4096,
                    "description": "",
                    "image_id": "fd884kfv4a91lcr2vtef",
                    "kms_key_id": "",
                    "name": "boot-disk-private-instance-1",
                    "size": 10,
                    "snapshot_id": "",
                    "type": "network-hdd"
                  }
                ],
                "mode": "READ_WRITE"
              }
            ],
            "created_at": "2025-01-24T06:30:46Z",
            "description": "",
            "filesystem": [],
            "folder_id": "b1gtitn88s7l0epk3bb3",
            "fqdn": "epdqjjb2oqhd5dod5j2o.auto.internal",
            "gpu_cluster_id": "",
            "hardware_generation": [
              {
                "generation2_features": [],
                "legacy_features": [
                  {
                    "pci_topology": "PCI_TOPOLOGY_V1"
                  }
                ]
              }
            ],
            "hostname": "",
            "id": "epdqjjb2oqhd5dod5j2o",
            "labels": {},
            "local_disk": [],
            "maintenance_grace_period": "",
            "maintenance_policy": null,
            "metadata": {
              "user-data": "#cloud-config\nusers:\n  - name: patronogen\n    groups: sudo\n    shell: /bin/bash\n    sudo: 'ALL=(ALL) NOPASSWD:ALL'\n    ssh-authorized-keys:\n      - ssh-ed25519 AAAAC3NzaC1lZDI1NTE5AAAAIL8tnMZoRrDxJdPlxB2rLIG0WBMCAORXuORYattkPEnt patronogen@cattle5devoid\n\n"
            },
            "metadata_options": [
              {
                "aws_v1_http_endpoint": 1,
                "aws_v1_http_token": 2,
                "gce_http_endpoint": 1,
                "gce_http_token": 1
              }
            ],
            "name": "private-instance-1",
            "network_acceleration_type": "standard",
            "network_interface": [
              {
                "dns_record": [],
                "index": 0,
                "ip_address": "10.1.1.12",
                "ipv4": true,
                "ipv6": false,
                "ipv6_address": "",
                "ipv6_dns_record": [],
                "mac_address": "d0:0d:1a:9c:d6:2c",
                "nat": false,
                "nat_dns_record": [],
                "nat_ip_address": "",
                "nat_ip_version": "",
                "security_group_ids": [],
                "subnet_id": "e2lr0q8iuetf3rll28ak"
              }
            ],
            "placement_policy": [
              {
                "host_affinity_rules": [],
                "placement_group_id": "",
                "placement_group_partition": 0
              }
            ],
            "platform_id": "standard-v1",
            "resources": [
              {
                "core_fraction": 5,
                "cores": 2,
                "gpus": 0,
                "memory": 1
              }
            ],
            "scheduling_policy": [
              {
                "preemptible": false
              }
            ],
            "secondary_disk": [],
            "service_account_id": "",
            "status": "running",
            "timeouts": null,
            "zone": "ru-central1-b"
          },
          "sensitive_attributes": [],
          "private": "eyJlMmJmYjczMC1lY2FhLTExZTYtOGY4OC0zNDM2M2JjN2M0YzAiOnsiY3JlYXRlIjozMDAwMDAwMDAwMDAsImRlbGV0ZSI6MzAwMDAwMDAwMDAwLCJ1cGRhdGUiOjMwMDAwMDAwMDAwMH0sInNjaGVtYV92ZXJzaW9uIjoiMSJ9",
          "dependencies": [
            "module.private-subnet.yandex_compute_disk.instance_boot_disks",
            "module.private-subnet.yandex_compute_image.instance_image",
            "module.private-subnet.yandex_vpc_route_table.nat-instance-route",
            "module.private-subnet.yandex_vpc_subnet.private-subnet",
            "module.public-subnet.yandex_compute_disk.boot-disk-nat",
            "module.public-subnet.yandex_compute_image.nat-instance-ubuntu",
            "module.public-subnet.yandex_compute_instance.nat-instance",
            "module.public-subnet.yandex_vpc_security_group.nat-instance-sg",
            "module.public-subnet.yandex_vpc_subnet.public-subnet",
            "yandex_vpc_network.vpc"
          ]
        },
        {
          "index_key": 2,
          "schema_version": 1,
          "attributes": {
            "allow_recreate": null,
            "allow_stopping_for_update": null,
            "boot_disk": [
              {
                "auto_delete": true,
                "device_name": "epd7sgiha9q5qmtq28ui",
                "disk_id": "epd7sgiha9q5qmtq28ui",
                "initialize_params": [
                  {
                    "block_size": 4096,
                    "description": "",
                    "image_id": "fd884kfv4a91lcr2vtef",
                    "kms_key_id": "",
                    "name": "boot-disk-private-instance-2",
                    "size": 10,
                    "snapshot_id": "",
                    "type": "network-hdd"
                  }
                ],
                "mode": "READ_WRITE"
              }
            ],
            "created_at": "2025-01-24T06:30:46Z",
            "description": "",
            "filesystem": [],
            "folder_id": "b1gtitn88s7l0epk3bb3",
            "fqdn": "epdsesfjs39u3m91sake.auto.internal",
            "gpu_cluster_id": "",
            "hardware_generation": [
              {
                "generation2_features": [],
                "legacy_features": [
                  {
                    "pci_topology": "PCI_TOPOLOGY_V1"
                  }
                ]
              }
            ],
            "hostname": "",
            "id": "epdsesfjs39u3m91sake",
            "labels": {},
            "local_disk": [],
            "maintenance_grace_period": "",
            "maintenance_policy": null,
            "metadata": {
              "user-data": "#cloud-config\nusers:\n  - name: patronogen\n    groups: sudo\n    shell: /bin/bash\n    sudo: 'ALL=(ALL) NOPASSWD:ALL'\n    ssh-authorized-keys:\n      - ssh-ed25519 AAAAC3NzaC1lZDI1NTE5AAAAIL8tnMZoRrDxJdPlxB2rLIG0WBMCAORXuORYattkPEnt patronogen@cattle5devoid\n\n"
            },
            "metadata_options": [
              {
                "aws_v1_http_endpoint": 1,
                "aws_v1_http_token": 2,
                "gce_http_endpoint": 1,
                "gce_http_token": 1
              }
            ],
            "name": "private-instance-2",
            "network_acceleration_type": "standard",
            "network_interface": [
              {
                "dns_record": [],
                "index": 0,
                "ip_address": "10.1.1.25",
                "ipv4": true,
                "ipv6": false,
                "ipv6_address": "",
                "ipv6_dns_record": [],
                "mac_address": "d0:0d:1c:77:1f:3e",
                "nat": false,
                "nat_dns_record": [],
                "nat_ip_address": "",
                "nat_ip_version": "",
                "security_group_ids": [],
                "subnet_id": "e2lr0q8iuetf3rll28ak"
              }
            ],
            "placement_policy": [
              {
                "host_affinity_rules": [],
                "placement_group_id": "",
                "placement_group_partition": 0
              }
            ],
            "platform_id": "standard-v1",
            "resources": [
              {
                "core_fraction": 5,
                "cores": 2,
                "gpus": 0,
                "memory": 1
              }
            ],
            "scheduling_policy": [
              {
                "preemptible": false
              }
            ],
            "secondary_disk": [],
            "service_account_id": "",
            "status": "running",
            "timeouts": null,
            "zone": "ru-central1-b"
          },
          "sensitive_attributes": [],
          "private": "eyJlMmJmYjczMC1lY2FhLTExZTYtOGY4OC0zNDM2M2JjN2M0YzAiOnsiY3JlYXRlIjozMDAwMDAwMDAwMDAsImRlbGV0ZSI6MzAwMDAwMDAwMDAwLCJ1cGRhdGUiOjMwMDAwMDAwMDAwMH0sInNjaGVtYV92ZXJzaW9uIjoiMSJ9",
          "dependencies": [
            "module.private-subnet.yandex_compute_disk.instance_boot_disks",
            "module.private-subnet.yandex_compute_image.instance_image",
            "module.private-subnet.yandex_vpc_route_table.nat-instance-route",
            "module.private-subnet.yandex_vpc_subnet.private-subnet",
            "module.public-subnet.yandex_compute_disk.boot-disk-nat",
            "module.public-subnet.yandex_compute_image.nat-instance-ubuntu",
            "module.public-subnet.yandex_compute_instance.nat-instance",
            "module.public-subnet.yandex_vpc_security_group.nat-instance-sg",
            "module.public-subnet.yandex_vpc_subnet.public-subnet",
            "yandex_vpc_network.vpc"
          ]
        }
      ]
    },
    {
      "module": "module.private-subnet",
      "mode": "managed",
      "type": "yandex_vpc_route_table",
      "name": "nat-instance-route",
      "provider": "provider[\"registry.terraform.io/yandex-cloud/yandex\"]",
      "instances": [
        {
          "schema_version": 0,
          "attributes": {
            "created_at": "2025-01-24T06:30:44Z",
            "description": "",
            "folder_id": "b1gtitn88s7l0epk3bb3",
            "id": "enplq29uv8slrpragca1",
            "labels": {},
            "name": "nat-instance-route",
            "network_id": "enpt5m0hr1kccnagucf1",
            "static_route": [
              {
                "destination_prefix": "0.0.0.0/0",
                "gateway_id": "",
                "next_hop_address": "10.1.0.26"
              }
            ],
            "timeouts": null
          },
          "sensitive_attributes": [],
          "private": "eyJlMmJmYjczMC1lY2FhLTExZTYtOGY4OC0zNDM2M2JjN2M0YzAiOnsiY3JlYXRlIjoxODAwMDAwMDAwMDAsImRlbGV0ZSI6MTgwMDAwMDAwMDAwLCJ1cGRhdGUiOjE4MDAwMDAwMDAwMH19",
          "dependencies": [
            "module.public-subnet.yandex_compute_disk.boot-disk-nat",
            "module.public-subnet.yandex_compute_image.nat-instance-ubuntu",
            "module.public-subnet.yandex_compute_instance.nat-instance",
            "module.public-subnet.yandex_vpc_security_group.nat-instance-sg",
            "module.public-subnet.yandex_vpc_subnet.public-subnet",
            "yandex_vpc_network.vpc"
          ]
        }
      ]
    },
    {
      "module": "module.private-subnet",
      "mode": "managed",
      "type": "yandex_vpc_subnet",
      "name": "private-subnet",
      "provider": "provider[\"registry.terraform.io/yandex-cloud/yandex\"]",
      "instances": [
        {
          "schema_version": 0,
          "attributes": {
            "created_at": "2025-01-24T06:30:45Z",
            "description": "",
            "dhcp_options": [],
            "folder_id": "b1gtitn88s7l0epk3bb3",
            "id": "e2lr0q8iuetf3rll28ak",
            "labels": {},
            "name": "private-subnet",
            "network_id": "enpt5m0hr1kccnagucf1",
            "route_table_id": "enplq29uv8slrpragca1",
            "timeouts": null,
            "v4_cidr_blocks": [
              "10.1.1.0/24"
            ],
            "v6_cidr_blocks": [],
            "zone": "ru-central1-b"
          },
          "sensitive_attributes": [],
          "private": "eyJlMmJmYjczMC1lY2FhLTExZTYtOGY4OC0zNDM2M2JjN2M0YzAiOnsiY3JlYXRlIjoxODAwMDAwMDAwMDAsImRlbGV0ZSI6MTgwMDAwMDAwMDAwLCJ1cGRhdGUiOjE4MDAwMDAwMDAwMH19",
          "dependencies": [
            "module.private-subnet.yandex_vpc_route_table.nat-instance-route",
            "module.public-subnet.yandex_compute_disk.boot-disk-nat",
            "module.public-subnet.yandex_compute_image.nat-instance-ubuntu",
            "module.public-subnet.yandex_compute_instance.nat-instance",
            "module.public-subnet.yandex_vpc_security_group.nat-instance-sg",
            "module.public-subnet.yandex_vpc_subnet.public-subnet",
            "yandex_vpc_network.vpc"
          ]
        }
      ]
    },
    {
      "module": "module.public-subnet",
      "mode": "managed",
      "type": "yandex_compute_disk",
      "name": "boot-disk-nat",
      "provider": "provider[\"registry.terraform.io/yandex-cloud/yandex\"]",
      "instances": [
        {
          "schema_version": 0,
          "attributes": {
            "allow_recreate": null,
            "block_size": 4096,
            "created_at": "2025-01-24T06:28:59Z",
            "description": "",
            "disk_placement_policy": [
              {
                "disk_placement_group_id": ""
              }
            ],
            "folder_id": "b1gtitn88s7l0epk3bb3",
            "hardware_generation": [
              {
                "generation2_features": [],
                "legacy_features": [
                  {
                    "pci_topology": "PCI_TOPOLOGY_V1"
                  }
                ]
              }
            ],
            "id": "epdgphclo5t23pctgi83",
            "image_id": "fd82af1iqe0niianr7rq",
            "kms_key_id": null,
            "labels": {},
            "name": "boot-disk-nat",
            "product_ids": [
              "f2e004i2ffat995ibtim",
              "f2ebde9ku5qser7imcd0"
            ],
            "size": 3,
            "snapshot_id": "",
            "status": "ready",
            "timeouts": null,
            "type": "network-hdd",
            "zone": "ru-central1-b"
          },
          "sensitive_attributes": [],
          "private": "eyJlMmJmYjczMC1lY2FhLTExZTYtOGY4OC0zNDM2M2JjN2M0YzAiOnsiY3JlYXRlIjozMDAwMDAwMDAwMDAsImRlbGV0ZSI6MzAwMDAwMDAwMDAwLCJ1cGRhdGUiOjMwMDAwMDAwMDAwMH19",
          "dependencies": [
            "module.public-subnet.yandex_compute_image.nat-instance-ubuntu"
          ]
        }
      ]
    },
    {
      "module": "module.public-subnet",
      "mode": "managed",
      "type": "yandex_compute_image",
      "name": "nat-instance-ubuntu",
      "provider": "provider[\"registry.terraform.io/yandex-cloud/yandex\"]",
      "instances": [
        {
          "schema_version": 0,
          "attributes": {
            "created_at": "2025-01-24T06:28:49Z",
            "description": "",
            "family": "",
            "folder_id": "b1gtitn88s7l0epk3bb3",
            "hardware_generation": [
              {
                "generation2_features": [],
                "legacy_features": [
                  {
                    "pci_topology": "PCI_TOPOLOGY_V1"
                  }
                ]
              }
            ],
            "id": "fd82af1iqe0niianr7rq",
            "labels": {},
            "min_disk_size": 3,
            "name": "",
            "os_type": null,
            "pooled": false,
            "product_ids": [
              "f2e004i2ffat995ibtim",
              "f2ebde9ku5qser7imcd0"
            ],
            "size": 2,
            "source_disk": null,
            "source_family": null,
            "source_image": "fd8n7m00bvgqtqnoef85",
            "source_snapshot": null,
            "source_url": null,
            "status": "ready",
            "timeouts": null
          },
          "sensitive_attributes": [],
          "private": "eyJlMmJmYjczMC1lY2FhLTExZTYtOGY4OC0zNDM2M2JjN2M0YzAiOnsiY3JlYXRlIjozMDAwMDAwMDAwMDAsImRlbGV0ZSI6MzAwMDAwMDAwMDAwLCJ1cGRhdGUiOjMwMDAwMDAwMDAwMH19"
        }
      ]
    },
    {
      "module": "module.public-subnet",
      "mode": "managed",
      "type": "yandex_compute_instance",
      "name": "nat-instance",
      "provider": "provider[\"registry.terraform.io/yandex-cloud/yandex\"]",
      "instances": [
        {
          "schema_version": 1,
          "attributes": {
            "allow_recreate": null,
            "allow_stopping_for_update": null,
            "boot_disk": [
              {
                "auto_delete": true,
                "device_name": "epdgphclo5t23pctgi83",
                "disk_id": "epdgphclo5t23pctgi83",
                "initialize_params": [
                  {
                    "block_size": 4096,
                    "description": "",
                    "image_id": "fd82af1iqe0niianr7rq",
                    "kms_key_id": "",
                    "name": "boot-disk-nat",
                    "size": 3,
                    "snapshot_id": "",
                    "type": "network-hdd"
                  }
                ],
                "mode": "READ_WRITE"
              }
            ],
            "created_at": "2025-01-24T06:29:43Z",
            "description": "",
            "filesystem": [],
            "folder_id": "b1gtitn88s7l0epk3bb3",
            "fqdn": "epdcvnkcao8ikufddton.auto.internal",
            "gpu_cluster_id": "",
            "hardware_generation": [
              {
                "generation2_features": [],
                "legacy_features": [
                  {
                    "pci_topology": "PCI_TOPOLOGY_V1"
                  }
                ]
              }
            ],
            "hostname": "",
            "id": "epdcvnkcao8ikufddton",
            "labels": {},
            "local_disk": [],
            "maintenance_grace_period": "",
            "maintenance_policy": null,
            "metadata": {
              "user-data": "#cloud-config\nusers:\n  - name: patronogen\n    groups: sudo\n    shell: /bin/bash\n    sudo: 'ALL=(ALL) NOPASSWD:ALL'\n    ssh-authorized-keys:\n      - ssh-ed25519 AAAAC3NzaC1lZDI1NTE5AAAAIL8tnMZoRrDxJdPlxB2rLIG0WBMCAORXuORYattkPEnt patronogen@cattle5devoid\n\n"
            },
            "metadata_options": [
              {
                "aws_v1_http_endpoint": 1,
                "aws_v1_http_token": 2,
                "gce_http_endpoint": 1,
                "gce_http_token": 1
              }
            ],
            "name": "nat-instance",
            "network_acceleration_type": "standard",
            "network_interface": [
              {
                "dns_record": [],
                "index": 0,
                "ip_address": "10.1.0.26",
                "ipv4": true,
                "ipv6": false,
                "ipv6_address": "",
                "ipv6_dns_record": [],
                "mac_address": "d0:0d:cf:de:8c:56",
                "nat": true,
                "nat_dns_record": [],
                "nat_ip_address": "158.160.87.118",
                "nat_ip_version": "IPV4",
                "security_group_ids": [
                  "enp2i2ve1go13qemu7b0"
                ],
                "subnet_id": "e2l493afm1odgljce537"
              }
            ],
            "placement_policy": [
              {
                "host_affinity_rules": [],
                "placement_group_id": "",
                "placement_group_partition": 0
              }
            ],
            "platform_id": "standard-v1",
            "resources": [
              {
                "core_fraction": 5,
                "cores": 2,
                "gpus": 0,
                "memory": 1
              }
            ],
            "scheduling_policy": [
              {
                "preemptible": false
              }
            ],
            "secondary_disk": [],
            "service_account_id": "",
            "status": "running",
            "timeouts": null,
            "zone": "ru-central1-b"
          },
          "sensitive_attributes": [],
          "private": "eyJlMmJmYjczMC1lY2FhLTExZTYtOGY4OC0zNDM2M2JjN2M0YzAiOnsiY3JlYXRlIjozMDAwMDAwMDAwMDAsImRlbGV0ZSI6MzAwMDAwMDAwMDAwLCJ1cGRhdGUiOjMwMDAwMDAwMDAwMH0sInNjaGVtYV92ZXJzaW9uIjoiMSJ9",
          "dependencies": [
            "module.public-subnet.yandex_compute_disk.boot-disk-nat",
            "module.public-subnet.yandex_compute_image.nat-instance-ubuntu",
            "module.public-subnet.yandex_vpc_security_group.nat-instance-sg",
            "module.public-subnet.yandex_vpc_subnet.public-subnet",
            "yandex_vpc_network.vpc"
          ]
        }
      ]
    },
    {
      "module": "module.public-subnet",
      "mode": "managed",
      "type": "yandex_vpc_security_group",
      "name": "nat-instance-sg",
      "provider": "provider[\"registry.terraform.io/yandex-cloud/yandex\"]",
      "instances": [
        {
          "schema_version": 0,
          "attributes": {
            "created_at": "2025-01-24T06:28:52Z",
            "description": "",
            "egress": [
              {
                "description": "Permit out any",
                "from_port": -1,
                "id": "enpqdabg01qud5q2grap",
                "labels": {},
                "port": -1,
                "predefined_target": "",
                "protocol": "ANY",
                "security_group_id": "",
                "to_port": -1,
                "v4_cidr_blocks": [
                  "0.0.0.0/0"
                ],
                "v6_cidr_blocks": []
              }
            ],
            "folder_id": "b1gtitn88s7l0epk3bb3",
            "id": "enp2i2ve1go13qemu7b0",
            "ingress": [
              {
                "description": "Allow http in",
                "from_port": -1,
                "id": "enp81c3nhi4knot3cg6k",
                "labels": {},
                "port": 80,
                "predefined_target": "",
                "protocol": "TCP",
                "security_group_id": "",
                "to_port": -1,
                "v4_cidr_blocks": [
                  "0.0.0.0/0"
                ],
                "v6_cidr_blocks": []
              },
              {
                "description": "Allow https in",
                "from_port": -1,
                "id": "enp3ffabb7f8mnphj9sb",
                "labels": {},
                "port": 443,
                "predefined_target": "",
                "protocol": "TCP",
                "security_group_id": "",
                "to_port": -1,
                "v4_cidr_blocks": [
                  "0.0.0.0/0"
                ],
                "v6_cidr_blocks": []
              }
            ],
            "labels": {},
            "name": "nat-instance-sg",
            "network_id": "enpt5m0hr1kccnagucf1",
            "status": "ACTIVE",
            "timeouts": null
          },
          "sensitive_attributes": [],
          "private": "eyJlMmJmYjczMC1lY2FhLTExZTYtOGY4OC0zNDM2M2JjN2M0YzAiOnsiY3JlYXRlIjoxODAwMDAwMDAwMDAsImRlbGV0ZSI6MTgwMDAwMDAwMDAwLCJ1cGRhdGUiOjE4MDAwMDAwMDAwMH19",
          "dependencies": [
            "yandex_vpc_network.vpc"
          ]
        }
      ]
    },
    {
      "module": "module.public-subnet",
      "mode": "managed",
      "type": "yandex_vpc_subnet",
      "name": "public-subnet",
      "provider": "provider[\"registry.terraform.io/yandex-cloud/yandex\"]",
      "instances": [
        {
          "schema_version": 0,
          "attributes": {
            "created_at": "2025-01-24T06:28:51Z",
            "description": "",
            "dhcp_options": [],
            "folder_id": "b1gtitn88s7l0epk3bb3",
            "id": "e2l493afm1odgljce537",
            "labels": {},
            "name": "public-subnet",
            "network_id": "enpt5m0hr1kccnagucf1",
            "route_table_id": "",
            "timeouts": null,
            "v4_cidr_blocks": [
              "10.1.0.0/24"
            ],
            "v6_cidr_blocks": [],
            "zone": "ru-central1-b"
          },
          "sensitive_attributes": [],
          "private": "eyJlMmJmYjczMC1lY2FhLTExZTYtOGY4OC0zNDM2M2JjN2M0YzAiOnsiY3JlYXRlIjoxODAwMDAwMDAwMDAsImRlbGV0ZSI6MTgwMDAwMDAwMDAwLCJ1cGRhdGUiOjE4MDAwMDAwMDAwMH19",
          "dependencies": [
            "yandex_vpc_network.vpc"
          ]
        }
      ]
    }
  ],
  "check_results": null
}
